
Microsoft Visual Studio Solution File, Format Version 12.00
# Visual Studio Version 17
VisualStudioVersion = 17.0.31903.59
MinimumVisualStudioVersion = 10.0.40219.1
Project("{E53339B2-1760-4266-BCC7-CA923CBCF16C}") = "docker-compose", "docker-compose.dcproj", "{D3137759-8A1B-4016-8BA6-6B580F373075}"
EndProject
Project("{9A19103F-16F7-4668-BE54-9A1E7A4F7556}") = "EventTicket.Services.EventCatalog", "EventTicket.Services.EventCatalog\EventTicket.Services.EventCatalog.csproj", "{04A104F1-B6F1-4791-AACE-72FF9B7691DA}"
EndProject
Project("{9A19103F-16F7-4668-BE54-9A1E7A4F7556}") = "EventTicket.Services.Ordering", "EventTicket.Services.Ordering\EventTicket.Services.Ordering.csproj", "{D6B6E7BD-951A-48CD-93AB-E42BAFD159B1}"
EndProject
Project("{9A19103F-16F7-4668-BE54-9A1E7A4F7556}") = "EventTicket.Services.Payment", "EventTicket.Services.Payment\EventTicket.Services.Payment.csproj", "{E00D83ED-CC4C-49F4-B310-304FC911CB9B}"
EndProject
Project("{9A19103F-16F7-4668-BE54-9A1E7A4F7556}") = "EventTicket.Services.ShoppingBasket", "EventTicket.Services.ShoppingBasket\EventTicket.Services.ShoppingBasket.csproj", "{DE5F7A42-2AAB-4E34-869B-FF6D594A530D}"
EndProject
Project("{9A19103F-16F7-4668-BE54-9A1E7A4F7556}") = "EventTicket.Frontend.Client", "EventTicket.Frontend.Client\EventTicket.Frontend.Client.csproj", "{54C03798-804D-4BE4-A3CD-01CCB61EA52E}"
EndProject
Project("{9A19103F-16F7-4668-BE54-9A1E7A4F7556}") = "EventTicker.Services.Discount", "EventTicker.Services.Discount\EventTicker.Services.Discount.csproj", "{33AF95A5-42F5-4BCB-91B3-99725DD20091}"
EndProject
Global
	GlobalSection(SolutionConfigurationPlatforms) = preSolution
		Debug|Any CPU = Debug|Any CPU
		Release|Any CPU = Release|Any CPU
	EndGlobalSection
	GlobalSection(ProjectConfigurationPlatforms) = postSolution
		{D3137759-8A1B-4016-8BA6-6B580F373075}.Debug|Any CPU.ActiveCfg = Debug|Any CPU
		{D3137759-8A1B-4016-8BA6-6B580F373075}.Debug|Any CPU.Build.0 = Debug|Any CPU
		{D3137759-8A1B-4016-8BA6-6B580F373075}.Release|Any CPU.ActiveCfg = Release|Any CPU
		{D3137759-8A1B-4016-8BA6-6B580F373075}.Release|Any CPU.Build.0 = Release|Any CPU
		{04A104F1-B6F1-4791-AACE-72FF9B7691DA}.Debug|Any CPU.ActiveCfg = Debug|Any CPU
		{04A104F1-B6F1-4791-AACE-72FF9B7691DA}.Debug|Any CPU.Build.0 = Debug|Any CPU
		{04A104F1-B6F1-4791-AACE-72FF9B7691DA}.Release|Any CPU.ActiveCfg = Release|Any CPU
		{04A104F1-B6F1-4791-AACE-72FF9B7691DA}.Release|Any CPU.Build.0 = Release|Any CPU
		{D6B6E7BD-951A-48CD-93AB-E42BAFD159B1}.Debug|Any CPU.ActiveCfg = Debug|Any CPU
		{D6B6E7BD-951A-48CD-93AB-E42BAFD159B1}.Debug|Any CPU.Build.0 = Debug|Any CPU
		{D6B6E7BD-951A-48CD-93AB-E42BAFD159B1}.Release|Any CPU.ActiveCfg = Release|Any CPU
		{D6B6E7BD-951A-48CD-93AB-E42BAFD159B1}.Release|Any CPU.Build.0 = Release|Any CPU
		{E00D83ED-CC4C-49F4-B310-304FC911CB9B}.Debug|Any CPU.ActiveCfg = Debug|Any CPU
		{E00D83ED-CC4C-49F4-B310-304FC911CB9B}.Debug|Any CPU.Build.0 = Debug|Any CPU
		{E00D83ED-CC4C-49F4-B310-304FC911CB9B}.Release|Any CPU.ActiveCfg = Release|Any CPU
		{E00D83ED-CC4C-49F4-B310-304FC911CB9B}.Release|Any CPU.Build.0 = Release|Any CPU
		{DE5F7A42-2AAB-4E34-869B-FF6D594A530D}.Debug|Any CPU.ActiveCfg = Debug|Any CPU
		{DE5F7A42-2AAB-4E34-869B-FF6D594A530D}.Debug|Any CPU.Build.0 = Debug|Any CPU
		{DE5F7A42-2AAB-4E34-869B-FF6D594A530D}.Release|Any CPU.ActiveCfg = Release|Any CPU
		{DE5F7A42-2AAB-4E34-869B-FF6D594A530D}.Release|Any CPU.Build.0 = Release|Any CPU
		{54C03798-804D-4BE4-A3CD-01CCB61EA52E}.Debug|Any CPU.ActiveCfg = Debug|Any CPU
		{54C03798-804D-4BE4-A3CD-01CCB61EA52E}.Debug|Any CPU.Build.0 = Debug|Any CPU
		{54C03798-804D-4BE4-A3CD-01CCB61EA52E}.Release|Any CPU.ActiveCfg = Release|Any CPU
		{54C03798-804D-4BE4-A3CD-01CCB61EA52E}.Release|Any CPU.Build.0 = Release|Any CPU
		{33AF95A5-42F5-4BCB-91B3-99725DD20091}.Debug|Any CPU.ActiveCfg = Debug|Any CPU
		{33AF95A5-42F5-4BCB-91B3-99725DD20091}.Debug|Any CPU.Build.0 = Debug|Any CPU
		{33AF95A5-42F5-4BCB-91B3-99725DD20091}.Release|Any CPU.ActiveCfg = Release|Any CPU
		{33AF95A5-42F5-4BCB-91B3-99725DD20091}.Release|Any CPU.Build.0 = Release|Any CPU
	EndGlobalSection
	GlobalSection(SolutionProperties) = preSolution
		HideSolutionNode = FALSE
	EndGlobalSection
	GlobalSection(ExtensibilityGlobals) = postSolution
		SolutionGuid = {02F2E303-0EC8-494E-800A-8718EF8A05ED}
	EndGlobalSection
EndGlobal
