
Microsoft Visual Studio Solution File, Format Version 12.00
# Visual Studio Version 17
VisualStudioVersion = 17.0.31903.59
MinimumVisualStudioVersion = 10.0.40219.1
Project("{9A19103F-16F7-4668-BE54-9A1E7A4F7556}") = "Store.Service.Product", "Store.Service.Product\Store.Service.Product.csproj", "{9A454CF3-4A07-4904-A4CA-9CA89ABFEAE2}"
EndProject
Project("{E53339B2-1760-4266-BCC7-CA923CBCF16C}") = "docker-compose", "docker-compose.dcproj", "{D3137759-8A1B-4016-8BA6-6B580F373075}"
EndProject
Project("{FAE04EC0-301F-11D3-BF4B-00C04F79EFBC}") = "Store.Service.Basket", "Store.Service.Basket\Store.Service.Basket.csproj", "{A2F7CA3B-32FA-4D51-A5CE-574426D93C42}"
EndProject
Global
	GlobalSection(SolutionConfigurationPlatforms) = preSolution
		Debug|Any CPU = Debug|Any CPU
		Release|Any CPU = Release|Any CPU
	EndGlobalSection
	GlobalSection(ProjectConfigurationPlatforms) = postSolution
		{9A454CF3-4A07-4904-A4CA-9CA89ABFEAE2}.Debug|Any CPU.ActiveCfg = Debug|Any CPU
		{9A454CF3-4A07-4904-A4CA-9CA89ABFEAE2}.Debug|Any CPU.Build.0 = Debug|Any CPU
		{9A454CF3-4A07-4904-A4CA-9CA89ABFEAE2}.Release|Any CPU.ActiveCfg = Release|Any CPU
		{9A454CF3-4A07-4904-A4CA-9CA89ABFEAE2}.Release|Any CPU.Build.0 = Release|Any CPU
		{D3137759-8A1B-4016-8BA6-6B580F373075}.Debug|Any CPU.ActiveCfg = Debug|Any CPU
		{D3137759-8A1B-4016-8BA6-6B580F373075}.Debug|Any CPU.Build.0 = Debug|Any CPU
		{D3137759-8A1B-4016-8BA6-6B580F373075}.Release|Any CPU.ActiveCfg = Release|Any CPU
		{D3137759-8A1B-4016-8BA6-6B580F373075}.Release|Any CPU.Build.0 = Release|Any CPU
		{A2F7CA3B-32FA-4D51-A5CE-574426D93C42}.Debug|Any CPU.ActiveCfg = Debug|Any CPU
		{A2F7CA3B-32FA-4D51-A5CE-574426D93C42}.Debug|Any CPU.Build.0 = Debug|Any CPU
		{A2F7CA3B-32FA-4D51-A5CE-574426D93C42}.Release|Any CPU.ActiveCfg = Release|Any CPU
		{A2F7CA3B-32FA-4D51-A5CE-574426D93C42}.Release|Any CPU.Build.0 = Release|Any CPU
	EndGlobalSection
	GlobalSection(SolutionProperties) = preSolution
		HideSolutionNode = FALSE
	EndGlobalSection
EndGlobal
